
Microsoft Visual Studio Solution File, Format Version 12.00
# Visual Studio Version 17
VisualStudioVersion = 17.2.32519.379
MinimumVisualStudioVersion = 10.0.40219.1
Project("{FAE04EC0-301F-11D3-BF4B-00C04F79EFBC}") = "CADASTRO-DE-CONTATOS", "CADASTRO-DE-CONTATOS\CADASTRO-DE-CONTATOS.csproj", "{7FCED44E-EE2A-44F2-B2F9-044DDA0A1800}"
EndProject
Global
	GlobalSection(SolutionConfigurationPlatforms) = preSolution
		Debug|Any CPU = Debug|Any CPU
		Release|Any CPU = Release|Any CPU
	EndGlobalSection
	GlobalSection(ProjectConfigurationPlatforms) = postSolution
		{7FCED44E-EE2A-44F2-B2F9-044DDA0A1800}.Debug|Any CPU.ActiveCfg = Debug|Any CPU
		{7FCED44E-EE2A-44F2-B2F9-044DDA0A1800}.Debug|Any CPU.Build.0 = Debug|Any CPU
		{7FCED44E-EE2A-44F2-B2F9-044DDA0A1800}.Release|Any CPU.ActiveCfg = Release|Any CPU
		{7FCED44E-EE2A-44F2-B2F9-044DDA0A1800}.Release|Any CPU.Build.0 = Release|Any CPU
	EndGlobalSection
	GlobalSection(SolutionProperties) = preSolution
		HideSolutionNode = FALSE
	EndGlobalSection
	GlobalSection(ExtensibilityGlobals) = postSolution
		SolutionGuid = {915F351C-3933-4BD6-9E92-D9276E0B62F9}
	EndGlobalSection
EndGlobal
